
Microsoft Visual Studio Solution File, Format Version 12.00
# Visual Studio Version 17
VisualStudioVersion = 17.5.33530.505
MinimumVisualStudioVersion = 10.0.40219.1
Project("{FAE04EC0-301F-11D3-BF4B-00C04F79EFBC}") = "CookieClicker", "CookieClicker.csproj", "{9C233E5A-F79E-4512-B5DF-D0FCCF1D8BDF}"
EndProject
Global
	GlobalSection(SolutionConfigurationPlatforms) = preSolution
		Debug|Any CPU = Debug|Any CPU
		Release|Any CPU = Release|Any CPU
	EndGlobalSection
	GlobalSection(ProjectConfigurationPlatforms) = postSolution
		{9C233E5A-F79E-4512-B5DF-D0FCCF1D8BDF}.Debug|Any CPU.ActiveCfg = Debug|Any CPU
		{9C233E5A-F79E-4512-B5DF-D0FCCF1D8BDF}.Debug|Any CPU.Build.0 = Debug|Any CPU
		{9C233E5A-F79E-4512-B5DF-D0FCCF1D8BDF}.Release|Any CPU.ActiveCfg = Release|Any CPU
		{9C233E5A-F79E-4512-B5DF-D0FCCF1D8BDF}.Release|Any CPU.Build.0 = Release|Any CPU
	EndGlobalSection
	GlobalSection(SolutionProperties) = preSolution
		HideSolutionNode = FALSE
	EndGlobalSection
	GlobalSection(ExtensibilityGlobals) = postSolution
		SolutionGuid = {3D4146E2-B8A7-4D5B-A213-FD2A1EDE4955}
	EndGlobalSection
EndGlobal
